
Microsoft Visual Studio Solution File, Format Version 12.00
# Visual Studio 14
VisualStudioVersion = 14.0.25420.1
MinimumVisualStudioVersion = 10.0.40219.1
Project("{8BC9CEB8-8B4A-11D0-8D11-00A0C91BC942}") = "Zaj1_1", "Zaj1_1\Zaj1_1.vcxproj", "{B4558037-DF9E-4490-AA8D-03A86D6C83E1}"
EndProject
Project("{8BC9CEB8-8B4A-11D0-8D11-00A0C91BC942}") = "Zaj1_2", "Zaj1_2\Zaj1_2.vcxproj", "{625795A9-CA0F-4B36-BC11-23D4E245B8D1}"
EndProject
Project("{8BC9CEB8-8B4A-11D0-8D11-00A0C91BC942}") = "Zaj2_1", "Zaj2_1\Zaj2_1.vcxproj", "{A0C695B5-A266-40B4-A1DF-260C4DE7FAFD}"
EndProject
Project("{8BC9CEB8-8B4A-11D0-8D11-00A0C91BC942}") = "Zaj2_2", "Zaj2_2\Zaj2_2.vcxproj", "{18209E94-1E25-4AC2-805E-1A143CA3B8E6}"
EndProject
Project("{8BC9CEB8-8B4A-11D0-8D11-00A0C91BC942}") = "Zaj2_3", "Zaj2_3\Zaj2_3.vcxproj", "{DBF080FA-5191-4D7F-9664-E8655BC0EF7C}"
EndProject
Project("{8BC9CEB8-8B4A-11D0-8D11-00A0C91BC942}") = "Zaj3_2", "Zaj3_2\Zaj3_2.vcxproj", "{553B6A1E-5D93-497C-8040-99F0B0C3FF35}"
EndProject
Project("{8BC9CEB8-8B4A-11D0-8D11-00A0C91BC942}") = "Zaj3_3", "Zaj3_3\Zaj3_3.vcxproj", "{68161F2C-E164-4014-B6BD-56F9E98E8399}"
EndProject
Project("{8BC9CEB8-8B4A-11D0-8D11-00A0C91BC942}") = "Zaj3_4", "Zaj3_4\Zaj3_4.vcxproj", "{DD6FBEE6-F020-4A17-B37E-5F1D37C73501}"
EndProject
Project("{8BC9CEB8-8B4A-11D0-8D11-00A0C91BC942}") = "Zaj3_1", "Zaj3_1\Zaj3_1.vcxproj", "{0A002F24-7F0A-4060-910F-342685220EB0}"
EndProject
Project("{8BC9CEB8-8B4A-11D0-8D11-00A0C91BC942}") = "Zaj4_1", "Zaj4_1\Zaj4_1.vcxproj", "{43DAF9FF-CDF9-4345-AC25-AB2E3D287598}"
EndProject
Project("{8BC9CEB8-8B4A-11D0-8D11-00A0C91BC942}") = "Zaj4_2", "Zaj4_2\Zaj4_2.vcxproj", "{3C4D278E-EE8C-4BC4-BFAB-94CBE82D1DBD}"
EndProject
Project("{8BC9CEB8-8B4A-11D0-8D11-00A0C91BC942}") = "Zaj5", "Zaj5\Zaj5.vcxproj", "{1CFD28B2-BCDF-4A5B-8284-B9EC33A6FB12}"
EndProject
Project("{8BC9CEB8-8B4A-11D0-8D11-00A0C91BC942}") = "Zaj6", "Zaj6\Zaj6.vcxproj", "{86B5CC5B-8EC9-410F-A484-EA7028FD9816}"
EndProject
Project("{8BC9CEB8-8B4A-11D0-8D11-00A0C91BC942}") = "Zaj7", "Zaj7\Zaj7.vcxproj", "{8DC02C70-AD26-42D3-B9AE-B31325D90B3D}"
EndProject
Project("{8BC9CEB8-8B4A-11D0-8D11-00A0C91BC942}") = "Zaj9", "Zaj9\Zaj9.vcxproj", "{43164EC7-DEF5-4E65-B3FC-0CC790799180}"
EndProject
Project("{8BC9CEB8-8B4A-11D0-8D11-00A0C91BC942}") = "Zaj10", "Zaj10\Zaj10.vcxproj", "{2BCADA48-266A-4A9D-A0FA-B25E5E12C61C}"
EndProject
Project("{8BC9CEB8-8B4A-11D0-8D11-00A0C91BC942}") = "Zaj11", "Zaj11\Zaj11.vcxproj", "{04477CF3-BB59-412C-8CA7-FC5E46277C10}"
EndProject
Global
	GlobalSection(SolutionConfigurationPlatforms) = preSolution
		Debug|x64 = Debug|x64
		Debug|x86 = Debug|x86
		Release|x64 = Release|x64
		Release|x86 = Release|x86
	EndGlobalSection
	GlobalSection(ProjectConfigurationPlatforms) = postSolution
		{B4558037-DF9E-4490-AA8D-03A86D6C83E1}.Debug|x64.ActiveCfg = Debug|x64
		{B4558037-DF9E-4490-AA8D-03A86D6C83E1}.Debug|x64.Build.0 = Debug|x64
		{B4558037-DF9E-4490-AA8D-03A86D6C83E1}.Debug|x86.ActiveCfg = Debug|Win32
		{B4558037-DF9E-4490-AA8D-03A86D6C83E1}.Debug|x86.Build.0 = Debug|Win32
		{B4558037-DF9E-4490-AA8D-03A86D6C83E1}.Release|x64.ActiveCfg = Release|x64
		{B4558037-DF9E-4490-AA8D-03A86D6C83E1}.Release|x64.Build.0 = Release|x64
		{B4558037-DF9E-4490-AA8D-03A86D6C83E1}.Release|x86.ActiveCfg = Release|Win32
		{B4558037-DF9E-4490-AA8D-03A86D6C83E1}.Release|x86.Build.0 = Release|Win32
		{625795A9-CA0F-4B36-BC11-23D4E245B8D1}.Debug|x64.ActiveCfg = Debug|x64
		{625795A9-CA0F-4B36-BC11-23D4E245B8D1}.Debug|x64.Build.0 = Debug|x64
		{625795A9-CA0F-4B36-BC11-23D4E245B8D1}.Debug|x86.ActiveCfg = Debug|Win32
		{625795A9-CA0F-4B36-BC11-23D4E245B8D1}.Debug|x86.Build.0 = Debug|Win32
		{625795A9-CA0F-4B36-BC11-23D4E245B8D1}.Release|x64.ActiveCfg = Release|x64
		{625795A9-CA0F-4B36-BC11-23D4E245B8D1}.Release|x64.Build.0 = Release|x64
		{625795A9-CA0F-4B36-BC11-23D4E245B8D1}.Release|x86.ActiveCfg = Release|Win32
		{625795A9-CA0F-4B36-BC11-23D4E245B8D1}.Release|x86.Build.0 = Release|Win32
		{A0C695B5-A266-40B4-A1DF-260C4DE7FAFD}.Debug|x64.ActiveCfg = Debug|x64
		{A0C695B5-A266-40B4-A1DF-260C4DE7FAFD}.Debug|x64.Build.0 = Debug|x64
		{A0C695B5-A266-40B4-A1DF-260C4DE7FAFD}.Debug|x86.ActiveCfg = Debug|Win32
		{A0C695B5-A266-40B4-A1DF-260C4DE7FAFD}.Debug|x86.Build.0 = Debug|Win32
		{A0C695B5-A266-40B4-A1DF-260C4DE7FAFD}.Release|x64.ActiveCfg = Release|x64
		{A0C695B5-A266-40B4-A1DF-260C4DE7FAFD}.Release|x64.Build.0 = Release|x64
		{A0C695B5-A266-40B4-A1DF-260C4DE7FAFD}.Release|x86.ActiveCfg = Release|Win32
		{A0C695B5-A266-40B4-A1DF-260C4DE7FAFD}.Release|x86.Build.0 = Release|Win32
		{18209E94-1E25-4AC2-805E-1A143CA3B8E6}.Debug|x64.ActiveCfg = Debug|x64
		{18209E94-1E25-4AC2-805E-1A143CA3B8E6}.Debug|x64.Build.0 = Debug|x64
		{18209E94-1E25-4AC2-805E-1A143CA3B8E6}.Debug|x86.ActiveCfg = Debug|Win32
		{18209E94-1E25-4AC2-805E-1A143CA3B8E6}.Debug|x86.Build.0 = Debug|Win32
		{18209E94-1E25-4AC2-805E-1A143CA3B8E6}.Release|x64.ActiveCfg = Release|x64
		{18209E94-1E25-4AC2-805E-1A143CA3B8E6}.Release|x64.Build.0 = Release|x64
		{18209E94-1E25-4AC2-805E-1A143CA3B8E6}.Release|x86.ActiveCfg = Release|Win32
		{18209E94-1E25-4AC2-805E-1A143CA3B8E6}.Release|x86.Build.0 = Release|Win32
		{DBF080FA-5191-4D7F-9664-E8655BC0EF7C}.Debug|x64.ActiveCfg = Debug|x64
		{DBF080FA-5191-4D7F-9664-E8655BC0EF7C}.Debug|x64.Build.0 = Debug|x64
		{DBF080FA-5191-4D7F-9664-E8655BC0EF7C}.Debug|x86.ActiveCfg = Debug|Win32
		{DBF080FA-5191-4D7F-9664-E8655BC0EF7C}.Debug|x86.Build.0 = Debug|Win32
		{DBF080FA-5191-4D7F-9664-E8655BC0EF7C}.Release|x64.ActiveCfg = Release|x64
		{DBF080FA-5191-4D7F-9664-E8655BC0EF7C}.Release|x64.Build.0 = Release|x64
		{DBF080FA-5191-4D7F-9664-E8655BC0EF7C}.Release|x86.ActiveCfg = Release|Win32
		{DBF080FA-5191-4D7F-9664-E8655BC0EF7C}.Release|x86.Build.0 = Release|Win32
		{553B6A1E-5D93-497C-8040-99F0B0C3FF35}.Debug|x64.ActiveCfg = Debug|x64
		{553B6A1E-5D93-497C-8040-99F0B0C3FF35}.Debug|x64.Build.0 = Debug|x64
		{553B6A1E-5D93-497C-8040-99F0B0C3FF35}.Debug|x86.ActiveCfg = Debug|Win32
		{553B6A1E-5D93-497C-8040-99F0B0C3FF35}.Debug|x86.Build.0 = Debug|Win32
		{553B6A1E-5D93-497C-8040-99F0B0C3FF35}.Release|x64.ActiveCfg = Release|x64
		{553B6A1E-5D93-497C-8040-99F0B0C3FF35}.Release|x64.Build.0 = Release|x64
		{553B6A1E-5D93-497C-8040-99F0B0C3FF35}.Release|x86.ActiveCfg = Release|Win32
		{553B6A1E-5D93-497C-8040-99F0B0C3FF35}.Release|x86.Build.0 = Release|Win32
		{68161F2C-E164-4014-B6BD-56F9E98E8399}.Debug|x64.ActiveCfg = Debug|x64
		{68161F2C-E164-4014-B6BD-56F9E98E8399}.Debug|x64.Build.0 = Debug|x64
		{68161F2C-E164-4014-B6BD-56F9E98E8399}.Debug|x86.ActiveCfg = Debug|Win32
		{68161F2C-E164-4014-B6BD-56F9E98E8399}.Debug|x86.Build.0 = Debug|Win32
		{68161F2C-E164-4014-B6BD-56F9E98E8399}.Release|x64.ActiveCfg = Release|x64
		{68161F2C-E164-4014-B6BD-56F9E98E8399}.Release|x64.Build.0 = Release|x64
		{68161F2C-E164-4014-B6BD-56F9E98E8399}.Release|x86.ActiveCfg = Release|Win32
		{68161F2C-E164-4014-B6BD-56F9E98E8399}.Release|x86.Build.0 = Release|Win32
		{DD6FBEE6-F020-4A17-B37E-5F1D37C73501}.Debug|x64.ActiveCfg = Debug|x64
		{DD6FBEE6-F020-4A17-B37E-5F1D37C73501}.Debug|x64.Build.0 = Debug|x64
		{DD6FBEE6-F020-4A17-B37E-5F1D37C73501}.Debug|x86.ActiveCfg = Debug|Win32
		{DD6FBEE6-F020-4A17-B37E-5F1D37C73501}.Debug|x86.Build.0 = Debug|Win32
		{DD6FBEE6-F020-4A17-B37E-5F1D37C73501}.Release|x64.ActiveCfg = Release|x64
		{DD6FBEE6-F020-4A17-B37E-5F1D37C73501}.Release|x64.Build.0 = Release|x64
		{DD6FBEE6-F020-4A17-B37E-5F1D37C73501}.Release|x86.ActiveCfg = Release|Win32
		{DD6FBEE6-F020-4A17-B37E-5F1D37C73501}.Release|x86.Build.0 = Release|Win32
		{0A002F24-7F0A-4060-910F-342685220EB0}.Debug|x64.ActiveCfg = Debug|x64
		{0A002F24-7F0A-4060-910F-342685220EB0}.Debug|x64.Build.0 = Debug|x64
		{0A002F24-7F0A-4060-910F-342685220EB0}.Debug|x86.ActiveCfg = Debug|Win32
		{0A002F24-7F0A-4060-910F-342685220EB0}.Debug|x86.Build.0 = Debug|Win32
		{0A002F24-7F0A-4060-910F-342685220EB0}.Release|x64.ActiveCfg = Release|x64
		{0A002F24-7F0A-4060-910F-342685220EB0}.Release|x64.Build.0 = Release|x64
		{0A002F24-7F0A-4060-910F-342685220EB0}.Release|x86.ActiveCfg = Release|Win32
		{0A002F24-7F0A-4060-910F-342685220EB0}.Release|x86.Build.0 = Release|Win32
		{43DAF9FF-CDF9-4345-AC25-AB2E3D287598}.Debug|x64.ActiveCfg = Debug|x64
		{43DAF9FF-CDF9-4345-AC25-AB2E3D287598}.Debug|x64.Build.0 = Debug|x64
		{43DAF9FF-CDF9-4345-AC25-AB2E3D287598}.Debug|x86.ActiveCfg = Debug|Win32
		{43DAF9FF-CDF9-4345-AC25-AB2E3D287598}.Debug|x86.Build.0 = Debug|Win32
		{43DAF9FF-CDF9-4345-AC25-AB2E3D287598}.Release|x64.ActiveCfg = Release|x64
		{43DAF9FF-CDF9-4345-AC25-AB2E3D287598}.Release|x64.Build.0 = Release|x64
		{43DAF9FF-CDF9-4345-AC25-AB2E3D287598}.Release|x86.ActiveCfg = Release|Win32
		{43DAF9FF-CDF9-4345-AC25-AB2E3D287598}.Release|x86.Build.0 = Release|Win32
		{3C4D278E-EE8C-4BC4-BFAB-94CBE82D1DBD}.Debug|x64.ActiveCfg = Debug|x64
		{3C4D278E-EE8C-4BC4-BFAB-94CBE82D1DBD}.Debug|x64.Build.0 = Debug|x64
		{3C4D278E-EE8C-4BC4-BFAB-94CBE82D1DBD}.Debug|x86.ActiveCfg = Debug|Win32
		{3C4D278E-EE8C-4BC4-BFAB-94CBE82D1DBD}.Debug|x86.Build.0 = Debug|Win32
		{3C4D278E-EE8C-4BC4-BFAB-94CBE82D1DBD}.Release|x64.ActiveCfg = Release|x64
		{3C4D278E-EE8C-4BC4-BFAB-94CBE82D1DBD}.Release|x64.Build.0 = Release|x64
		{3C4D278E-EE8C-4BC4-BFAB-94CBE82D1DBD}.Release|x86.ActiveCfg = Release|Win32
		{3C4D278E-EE8C-4BC4-BFAB-94CBE82D1DBD}.Release|x86.Build.0 = Release|Win32
		{1CFD28B2-BCDF-4A5B-8284-B9EC33A6FB12}.Debug|x64.ActiveCfg = Debug|x64
		{1CFD28B2-BCDF-4A5B-8284-B9EC33A6FB12}.Debug|x64.Build.0 = Debug|x64
		{1CFD28B2-BCDF-4A5B-8284-B9EC33A6FB12}.Debug|x86.ActiveCfg = Debug|Win32
		{1CFD28B2-BCDF-4A5B-8284-B9EC33A6FB12}.Debug|x86.Build.0 = Debug|Win32
		{1CFD28B2-BCDF-4A5B-8284-B9EC33A6FB12}.Release|x64.ActiveCfg = Release|x64
		{1CFD28B2-BCDF-4A5B-8284-B9EC33A6FB12}.Release|x64.Build.0 = Release|x64
		{1CFD28B2-BCDF-4A5B-8284-B9EC33A6FB12}.Release|x86.ActiveCfg = Release|Win32
		{1CFD28B2-BCDF-4A5B-8284-B9EC33A6FB12}.Release|x86.Build.0 = Release|Win32
		{86B5CC5B-8EC9-410F-A484-EA7028FD9816}.Debug|x64.ActiveCfg = Debug|x64
		{86B5CC5B-8EC9-410F-A484-EA7028FD9816}.Debug|x64.Build.0 = Debug|x64
		{86B5CC5B-8EC9-410F-A484-EA7028FD9816}.Debug|x86.ActiveCfg = Debug|Win32
		{86B5CC5B-8EC9-410F-A484-EA7028FD9816}.Debug|x86.Build.0 = Debug|Win32
		{86B5CC5B-8EC9-410F-A484-EA7028FD9816}.Release|x64.ActiveCfg = Release|x64
		{86B5CC5B-8EC9-410F-A484-EA7028FD9816}.Release|x64.Build.0 = Release|x64
		{86B5CC5B-8EC9-410F-A484-EA7028FD9816}.Release|x86.ActiveCfg = Release|Win32
		{86B5CC5B-8EC9-410F-A484-EA7028FD9816}.Release|x86.Build.0 = Release|Win32
		{8DC02C70-AD26-42D3-B9AE-B31325D90B3D}.Debug|x64.ActiveCfg = Debug|x64
		{8DC02C70-AD26-42D3-B9AE-B31325D90B3D}.Debug|x64.Build.0 = Debug|x64
		{8DC02C70-AD26-42D3-B9AE-B31325D90B3D}.Debug|x86.ActiveCfg = Debug|Win32
		{8DC02C70-AD26-42D3-B9AE-B31325D90B3D}.Debug|x86.Build.0 = Debug|Win32
		{8DC02C70-AD26-42D3-B9AE-B31325D90B3D}.Release|x64.ActiveCfg = Release|x64
		{8DC02C70-AD26-42D3-B9AE-B31325D90B3D}.Release|x64.Build.0 = Release|x64
		{8DC02C70-AD26-42D3-B9AE-B31325D90B3D}.Release|x86.ActiveCfg = Release|Win32
		{8DC02C70-AD26-42D3-B9AE-B31325D90B3D}.Release|x86.Build.0 = Release|Win32
		{43164EC7-DEF5-4E65-B3FC-0CC790799180}.Debug|x64.ActiveCfg = Debug|x64
		{43164EC7-DEF5-4E65-B3FC-0CC790799180}.Debug|x64.Build.0 = Debug|x64
		{43164EC7-DEF5-4E65-B3FC-0CC790799180}.Debug|x86.ActiveCfg = Debug|Win32
		{43164EC7-DEF5-4E65-B3FC-0CC790799180}.Debug|x86.Build.0 = Debug|Win32
		{43164EC7-DEF5-4E65-B3FC-0CC790799180}.Release|x64.ActiveCfg = Release|x64
		{43164EC7-DEF5-4E65-B3FC-0CC790799180}.Release|x64.Build.0 = Release|x64
		{43164EC7-DEF5-4E65-B3FC-0CC790799180}.Release|x86.ActiveCfg = Release|Win32
		{43164EC7-DEF5-4E65-B3FC-0CC790799180}.Release|x86.Build.0 = Release|Win32
		{2BCADA48-266A-4A9D-A0FA-B25E5E12C61C}.Debug|x64.ActiveCfg = Debug|x64
		{2BCADA48-266A-4A9D-A0FA-B25E5E12C61C}.Debug|x64.Build.0 = Debug|x64
		{2BCADA48-266A-4A9D-A0FA-B25E5E12C61C}.Debug|x86.ActiveCfg = Debug|Win32
		{2BCADA48-266A-4A9D-A0FA-B25E5E12C61C}.Debug|x86.Build.0 = Debug|Win32
		{2BCADA48-266A-4A9D-A0FA-B25E5E12C61C}.Release|x64.ActiveCfg = Release|x64
		{2BCADA48-266A-4A9D-A0FA-B25E5E12C61C}.Release|x64.Build.0 = Release|x64
		{2BCADA48-266A-4A9D-A0FA-B25E5E12C61C}.Release|x86.ActiveCfg = Release|Win32
		{2BCADA48-266A-4A9D-A0FA-B25E5E12C61C}.Release|x86.Build.0 = Release|Win32
		{04477CF3-BB59-412C-8CA7-FC5E46277C10}.Debug|x64.ActiveCfg = Debug|x64
		{04477CF3-BB59-412C-8CA7-FC5E46277C10}.Debug|x64.Build.0 = Debug|x64
		{04477CF3-BB59-412C-8CA7-FC5E46277C10}.Debug|x86.ActiveCfg = Debug|Win32
		{04477CF3-BB59-412C-8CA7-FC5E46277C10}.Debug|x86.Build.0 = Debug|Win32
		{04477CF3-BB59-412C-8CA7-FC5E46277C10}.Release|x64.ActiveCfg = Release|x64
		{04477CF3-BB59-412C-8CA7-FC5E46277C10}.Release|x64.Build.0 = Release|x64
		{04477CF3-BB59-412C-8CA7-FC5E46277C10}.Release|x86.ActiveCfg = Release|Win32
		{04477CF3-BB59-412C-8CA7-FC5E46277C10}.Release|x86.Build.0 = Release|Win32
	EndGlobalSection
	GlobalSection(SolutionProperties) = preSolution
		HideSolutionNode = FALSE
	EndGlobalSection
EndGlobal
